
Microsoft Visual Studio Solution File, Format Version 12.00
# Visual Studio Version 17
VisualStudioVersion = 17.4.33213.308
MinimumVisualStudioVersion = 10.0.40219.1
Project("{9A19103F-16F7-4668-BE54-9A1E7A4F7556}") = "ChallengeApp", "ChallengeApp\ChallengeApp.csproj", "{6DEAAE01-E9D4-408B-8625-CD07EEA6B63C}"
EndProject
Project("{FAE04EC0-301F-11D3-BF4B-00C04F79EFBC}") = "ChallengeApp.Tests", "ChallengeApp.Tests\ChallengeApp.Tests.csproj", "{BD9674B4-F418-40D8-A7E1-D06E75BF8002}"
EndProject
Global
	GlobalSection(SolutionConfigurationPlatforms) = preSolution
		Debug|Any CPU = Debug|Any CPU
		Release|Any CPU = Release|Any CPU
	EndGlobalSection
	GlobalSection(ProjectConfigurationPlatforms) = postSolution
		{6DEAAE01-E9D4-408B-8625-CD07EEA6B63C}.Debug|Any CPU.ActiveCfg = Debug|Any CPU
		{6DEAAE01-E9D4-408B-8625-CD07EEA6B63C}.Debug|Any CPU.Build.0 = Debug|Any CPU
		{6DEAAE01-E9D4-408B-8625-CD07EEA6B63C}.Release|Any CPU.ActiveCfg = Release|Any CPU
		{6DEAAE01-E9D4-408B-8625-CD07EEA6B63C}.Release|Any CPU.Build.0 = Release|Any CPU
		{BD9674B4-F418-40D8-A7E1-D06E75BF8002}.Debug|Any CPU.ActiveCfg = Debug|Any CPU
		{BD9674B4-F418-40D8-A7E1-D06E75BF8002}.Debug|Any CPU.Build.0 = Debug|Any CPU
		{BD9674B4-F418-40D8-A7E1-D06E75BF8002}.Release|Any CPU.ActiveCfg = Release|Any CPU
		{BD9674B4-F418-40D8-A7E1-D06E75BF8002}.Release|Any CPU.Build.0 = Release|Any CPU
	EndGlobalSection
	GlobalSection(SolutionProperties) = preSolution
		HideSolutionNode = FALSE
	EndGlobalSection
	GlobalSection(ExtensibilityGlobals) = postSolution
		SolutionGuid = {276032DA-70A4-4D52-B7EA-99633FE44264}
	EndGlobalSection
EndGlobal
